
Microsoft Visual Studio Solution File, Format Version 12.00
# Visual Studio Version 17
VisualStudioVersion = 17.8.34330.188
MinimumVisualStudioVersion = 10.0.40219.1
Project("{FAE04EC0-301F-11D3-BF4B-00C04F79EFBC}") = "SistemaGestaoBiblioteca", "SistemaGestaoBiblioteca\SistemaGestaoBiblioteca.csproj", "{4D5FDCC1-E5FF-4007-8392-FDBB90C669EB}"
EndProject
Global
	GlobalSection(SolutionConfigurationPlatforms) = preSolution
		Debug|Any CPU = Debug|Any CPU
		Release|Any CPU = Release|Any CPU
	EndGlobalSection
	GlobalSection(ProjectConfigurationPlatforms) = postSolution
		{4D5FDCC1-E5FF-4007-8392-FDBB90C669EB}.Debug|Any CPU.ActiveCfg = Debug|Any CPU
		{4D5FDCC1-E5FF-4007-8392-FDBB90C669EB}.Debug|Any CPU.Build.0 = Debug|Any CPU
		{4D5FDCC1-E5FF-4007-8392-FDBB90C669EB}.Release|Any CPU.ActiveCfg = Release|Any CPU
		{4D5FDCC1-E5FF-4007-8392-FDBB90C669EB}.Release|Any CPU.Build.0 = Release|Any CPU
	EndGlobalSection
	GlobalSection(SolutionProperties) = preSolution
		HideSolutionNode = FALSE
	EndGlobalSection
	GlobalSection(ExtensibilityGlobals) = postSolution
		SolutionGuid = {96EFA5E8-589C-4380-AB4F-4B80BDF6D651}
	EndGlobalSection
EndGlobal
